
Microsoft Visual Studio Solution File, Format Version 12.00
# Visual Studio 15
VisualStudioVersion = 15.0.28307.329
MinimumVisualStudioVersion = 10.0.40219.1
Project("{FAE04EC0-301F-11D3-BF4B-00C04F79EFBC}") = "forgesample", "forgesample\forgesample.csproj", "{EBF51793-63E8-4920-8952-DD25A235FBE3}"
EndProject
Global
	GlobalSection(SolutionConfigurationPlatforms) = preSolution
		Debug|Any CPU = Debug|Any CPU
		Release|Any CPU = Release|Any CPU
	EndGlobalSection
	GlobalSection(ProjectConfigurationPlatforms) = postSolution
		{EBF51793-63E8-4920-8952-DD25A235FBE3}.Debug|Any CPU.ActiveCfg = Debug|Any CPU
		{EBF51793-63E8-4920-8952-DD25A235FBE3}.Debug|Any CPU.Build.0 = Debug|Any CPU
		{EBF51793-63E8-4920-8952-DD25A235FBE3}.Release|Any CPU.ActiveCfg = Release|Any CPU
		{EBF51793-63E8-4920-8952-DD25A235FBE3}.Release|Any CPU.Build.0 = Release|Any CPU
	EndGlobalSection
	GlobalSection(SolutionProperties) = preSolution
		HideSolutionNode = FALSE
	EndGlobalSection
	GlobalSection(ExtensibilityGlobals) = postSolution
		SolutionGuid = {7F87592A-E057-4C1B-AD7F-326D09B41C0D}
	EndGlobalSection
EndGlobal
